
Microsoft Visual Studio Solution File, Format Version 12.00
# Visual Studio 15
VisualStudioVersion = 15.0.27428.2015
MinimumVisualStudioVersion = 10.0.40219.1
Project("{FAE04EC0-301F-11D3-BF4B-00C04F79EFBC}") = "GeneratorProject", "GeneratorProject.ReactNative\GeneratorProject\GeneratorProject.csproj", "{C21786E5-C228-4061-9311-8A2465FBA86E}"
EndProject
Project("{FAE04EC0-301F-11D3-BF4B-00C04F79EFBC}") = "GeneratorProject.Tests", "GeneratorProject.ReactNative\GeneratorProject.Tests\GeneratorProject.Tests.csproj", "{8EF04CBE-D749-493F-8E05-3F525D528D1E}"
EndProject
Global
	GlobalSection(SolutionConfigurationPlatforms) = preSolution
		Debug|Any CPU = Debug|Any CPU
		Release|Any CPU = Release|Any CPU
	EndGlobalSection
	GlobalSection(ProjectConfigurationPlatforms) = postSolution
		{C21786E5-C228-4061-9311-8A2465FBA86E}.Debug|Any CPU.ActiveCfg = Debug|Any CPU
		{C21786E5-C228-4061-9311-8A2465FBA86E}.Debug|Any CPU.Build.0 = Debug|Any CPU
		{C21786E5-C228-4061-9311-8A2465FBA86E}.Release|Any CPU.ActiveCfg = Release|Any CPU
		{C21786E5-C228-4061-9311-8A2465FBA86E}.Release|Any CPU.Build.0 = Release|Any CPU
		{8EF04CBE-D749-493F-8E05-3F525D528D1E}.Debug|Any CPU.ActiveCfg = Debug|Any CPU
		{8EF04CBE-D749-493F-8E05-3F525D528D1E}.Debug|Any CPU.Build.0 = Debug|Any CPU
		{8EF04CBE-D749-493F-8E05-3F525D528D1E}.Release|Any CPU.ActiveCfg = Release|Any CPU
		{8EF04CBE-D749-493F-8E05-3F525D528D1E}.Release|Any CPU.Build.0 = Release|Any CPU
	EndGlobalSection
	GlobalSection(SolutionProperties) = preSolution
		HideSolutionNode = FALSE
	EndGlobalSection
	GlobalSection(ExtensibilityGlobals) = postSolution
		SolutionGuid = {FD0D7FBD-E08A-4944-B063-9A3E996E97CC}
	EndGlobalSection
EndGlobal
